lockfileVersion: '9.0'

settings:
  autoInstallPeers: true
  excludeLinksFromLockfile: false

importers:

  .:
    devDependencies:
      '@tty-pt/mk':
        specifier: ^0.1.12
        version: 0.1.13
      '@tty-pt/qsys':
        specifier: ^0.0.9
        version: 0.0.9(@tty-pt/mk@0.1.13)

packages:

  '@tty-pt/mk@0.1.13':
    resolution: {integrity: sha512-JBs0+fI7z3G+t66epXBEvFgkjjnN2ag2UW/ODIWxogIk5Om7Y/na6CDxCjUSL2/n3fiVV8jbT3dKGxJrVU37eQ==}

  '@tty-pt/qsys@0.0.9':
    resolution: {integrity: sha512-aXQCoH0uEFNvxGEeU6bbsms5CUQbHxlaHhUV5/Do0aaC+lbrQF0jaO8IguLOSmy/z1Et+i5WlInGmkUVTtgsCw==}
    peerDependencies:
      '@tty-pt/mk': ^0.1.9

snapshots:

  '@tty-pt/mk@0.1.13': {}

  '@tty-pt/qsys@0.0.9(@tty-pt/mk@0.1.13)':
    dependencies:
      '@tty-pt/mk': 0.1.13
