lockfileVersion: '9.0'

settings:
  autoInstallPeers: true
  excludeLinksFromLockfile: false

importers:

  .:
    devDependencies:
      '@tty-pt/mk':
        specifier: ^0.1.16
        version: 0.1.16
      '@tty-pt/qsys':
        specifier: ^0.0.10
        version: 0.0.10(@tty-pt/mk@0.1.16)

packages:

  '@tty-pt/mk@0.1.16':
    resolution: {integrity: sha512-FfZQiSHEZbnNezAVBY/UOByj7bzXwQvAU/ReO8qIEmP3qJABaV2ugGqR/JbMN7inl+7RB0D/IhYjXgnMhys3Ug==}

  '@tty-pt/qsys@0.0.10':
    resolution: {integrity: sha512-2cn//ClnWSlBYB8//7CaSO9RB+n9qK2CGl6YuaFiO+eBK8PwDAD6N6E2tJH6e4Q3jmXQDo2SF+DWY/BnyxT6eA==}
    peerDependencies:
      '@tty-pt/mk': ^0.1.13

snapshots:

  '@tty-pt/mk@0.1.16': {}

  '@tty-pt/qsys@0.0.10(@tty-pt/mk@0.1.16)':
    dependencies:
      '@tty-pt/mk': 0.1.16
